
Microsoft Visual Studio Solution File, Format Version 12.00
# Visual Studio 15
VisualStudioVersion = 15.0.28010.2036
MinimumVisualStudioVersion = 10.0.40219.1
Project("{FAE04EC0-301F-11D3-BF4B-00C04F79EFBC}") = "LocalDataBaseAppp", "LocalDataBaseAppp\LocalDataBaseAppp.csproj", "{BD0267EC-7A46-4BEF-8EDB-5AAA5EA7FFC2}"
EndProject
Global
	GlobalSection(SolutionConfigurationPlatforms) = preSolution
		Debug|Any CPU = Debug|Any CPU
		Release|Any CPU = Release|Any CPU
	EndGlobalSection
	GlobalSection(ProjectConfigurationPlatforms) = postSolution
		{BD0267EC-7A46-4BEF-8EDB-5AAA5EA7FFC2}.Debug|Any CPU.ActiveCfg = Debug|Any CPU
		{BD0267EC-7A46-4BEF-8EDB-5AAA5EA7FFC2}.Debug|Any CPU.Build.0 = Debug|Any CPU
		{BD0267EC-7A46-4BEF-8EDB-5AAA5EA7FFC2}.Release|Any CPU.ActiveCfg = Release|Any CPU
		{BD0267EC-7A46-4BEF-8EDB-5AAA5EA7FFC2}.Release|Any CPU.Build.0 = Release|Any CPU
	EndGlobalSection
	GlobalSection(SolutionProperties) = preSolution
		HideSolutionNode = FALSE
	EndGlobalSection
	GlobalSection(ExtensibilityGlobals) = postSolution
		SolutionGuid = {9C2237CE-FF45-4074-9F55-14368CACFE91}
	EndGlobalSection
EndGlobal
